
Microsoft Visual Studio Solution File, Format Version 12.00
# Visual Studio Version 17
VisualStudioVersion = 17.5.33627.172
MinimumVisualStudioVersion = 10.0.40219.1
Project("{9A19103F-16F7-4668-BE54-9A1E7A4F7556}") = "Core.Plugin.Interface", "syp-core\Core.Plugin.Interface\Core.Plugin.Interface.csproj", "{A73EBDE5-9FC1-47FF-B227-72B8412B0E2A}"
EndProject
Project("{9A19103F-16F7-4668-BE54-9A1E7A4F7556}") = "CorePlugin.Plugin", "CorePlugin.Plugin\CorePlugin.Plugin.csproj", "{53489B26-C20E-4749-BFED-F63B7E0FCD4E}"
EndProject
Project("{9A19103F-16F7-4668-BE54-9A1E7A4F7556}") = "CorePlugin.BackendDevServer", "CorePlugin.BackendDevServer\CorePlugin.BackendDevServer.csproj", "{413156CE-9184-4AF5-A91B-0780146394AB}"
EndProject
Project("{9A19103F-16F7-4668-BE54-9A1E7A4F7556}") = "Core.AuthLib", "syp-core\Core.AuthLib\Core.AuthLib.csproj", "{8469F4E6-6944-4B82-BA18-357B969FD80F}"
EndProject
Project("{9A19103F-16F7-4668-BE54-9A1E7A4F7556}") = "SchoolEventDbLib", "SchoolEventDbLib\SchoolEventDbLib.csproj", "{1312A4C5-B077-4086-9D38-070075CF409A}"
EndProject
Global
	GlobalSection(SolutionConfigurationPlatforms) = preSolution
		Debug|Any CPU = Debug|Any CPU
		Release|Any CPU = Release|Any CPU
	EndGlobalSection
	GlobalSection(ProjectConfigurationPlatforms) = postSolution
		{A73EBDE5-9FC1-47FF-B227-72B8412B0E2A}.Debug|Any CPU.ActiveCfg = Debug|Any CPU
		{A73EBDE5-9FC1-47FF-B227-72B8412B0E2A}.Debug|Any CPU.Build.0 = Debug|Any CPU
		{A73EBDE5-9FC1-47FF-B227-72B8412B0E2A}.Release|Any CPU.ActiveCfg = Release|Any CPU
		{A73EBDE5-9FC1-47FF-B227-72B8412B0E2A}.Release|Any CPU.Build.0 = Release|Any CPU
		{53489B26-C20E-4749-BFED-F63B7E0FCD4E}.Debug|Any CPU.ActiveCfg = Debug|Any CPU
		{53489B26-C20E-4749-BFED-F63B7E0FCD4E}.Debug|Any CPU.Build.0 = Debug|Any CPU
		{53489B26-C20E-4749-BFED-F63B7E0FCD4E}.Release|Any CPU.ActiveCfg = Release|Any CPU
		{53489B26-C20E-4749-BFED-F63B7E0FCD4E}.Release|Any CPU.Build.0 = Release|Any CPU
		{413156CE-9184-4AF5-A91B-0780146394AB}.Debug|Any CPU.ActiveCfg = Debug|Any CPU
		{413156CE-9184-4AF5-A91B-0780146394AB}.Debug|Any CPU.Build.0 = Debug|Any CPU
		{413156CE-9184-4AF5-A91B-0780146394AB}.Release|Any CPU.ActiveCfg = Release|Any CPU
		{413156CE-9184-4AF5-A91B-0780146394AB}.Release|Any CPU.Build.0 = Release|Any CPU
		{8469F4E6-6944-4B82-BA18-357B969FD80F}.Debug|Any CPU.ActiveCfg = Debug|Any CPU
		{8469F4E6-6944-4B82-BA18-357B969FD80F}.Debug|Any CPU.Build.0 = Debug|Any CPU
		{8469F4E6-6944-4B82-BA18-357B969FD80F}.Release|Any CPU.ActiveCfg = Release|Any CPU
		{8469F4E6-6944-4B82-BA18-357B969FD80F}.Release|Any CPU.Build.0 = Release|Any CPU
		{1312A4C5-B077-4086-9D38-070075CF409A}.Debug|Any CPU.ActiveCfg = Debug|Any CPU
		{1312A4C5-B077-4086-9D38-070075CF409A}.Debug|Any CPU.Build.0 = Debug|Any CPU
		{1312A4C5-B077-4086-9D38-070075CF409A}.Release|Any CPU.ActiveCfg = Release|Any CPU
		{1312A4C5-B077-4086-9D38-070075CF409A}.Release|Any CPU.Build.0 = Release|Any CPU
	EndGlobalSection
	GlobalSection(SolutionProperties) = preSolution
		HideSolutionNode = FALSE
	EndGlobalSection
	GlobalSection(ExtensibilityGlobals) = postSolution
		SolutionGuid = {6C4E3F1C-8865-48F7-AB8B-D0D6CD0D3A4B}
	EndGlobalSection
EndGlobal
